{
    "_readme": [
        "This file locks the dependencies of your project to a known state",
        "Read more about it at https://getcomposer.org/doc/01-basic-usage.md#composer-lock-the-lock-file",
        "This file is @generated automatically"
    ],
    "hash": "24695e94e43f26baecb8b0dd614fb367",
    "content-hash": "040fd4c18d0c2dc1d072a696ec34ae89",
    "packages": [
        {
            "name": "geekcom/phpjasper",
            "version": "3.0.0",
            "source": {
                "type": "git",
                "url": "https://github.com/PHPJasper/phpjasper.git",
                "reference": "b89f2402d0b9f40d431bd8a9b95d01e8f1543184"
            },
            "dist": {
                "type": "zip",
                "url": "https://api.github.com/repos/PHPJasper/phpjasper/zipball/b89f2402d0b9f40d431bd8a9b95d01e8f1543184",
                "reference": "b89f2402d0b9f40d431bd8a9b95d01e8f1543184",
                "shasum": ""
            },
            "require": {
                "php": ">=7.0"
            },
            "require-dev": {
                "phpunit/phpunit": "^6.1",
                "squizlabs/php_codesniffer": "^3.1"
            },
            "type": "library",
            "autoload": {
                "psr-4": {
                    "PHPJasper\\": "src/"
                }
            },
            "notification-url": "https://packagist.org/downloads/",
            "license": [
                "MIT"
            ],
            "authors": [
                {
                    "name": "Daniel Rodrigues Lima",
                    "email": "danielrodrigues-ti@hotmail.com",
                    "role": "lead"
                }
            ],
            "description": "A PHP report generator",
            "keywords": [
                "pdf",
                "php-reports",
                "reports"
            ],
            "time": "2019-03-17 19:54:18"
        },
        {
            "name": "monolog/monolog",
            "version": "1.0.2",
            "source": {
                "type": "git",
                "url": "https://github.com/Seldaek/monolog.git",
                "reference": "b704c49a3051536f67f2d39f13568f74615b9922"
            },
            "dist": {
                "type": "zip",
                "url": "https://api.github.com/repos/Seldaek/monolog/zipball/b704c49a3051536f67f2d39f13568f74615b9922",
                "reference": "b704c49a3051536f67f2d39f13568f74615b9922",
                "shasum": ""
            },
            "require": {
                "php": ">=5.3.0"
            },
            "type": "library",
            "autoload": {
                "psr-0": {
                    "Monolog": "src/"
                }
            },
            "notification-url": "https://packagist.org/downloads/",
            "license": [
                "MIT"
            ],
            "authors": [
                {
                    "name": "Jordi Boggiano",
                    "email": "j.boggiano@seld.be",
                    "homepage": "http://seld.be",
                    "role": "Developer"
                }
            ],
            "description": "Logging for PHP 5.3",
            "homepage": "http://github.com/Seldaek/monolog",
            "keywords": [
                "log",
                "logging"
            ],
            "time": "2011-10-24 09:39:02"
        }
    ],
    "packages-dev": [],
    "aliases": [],
    "minimum-stability": "stable",
    "stability-flags": [],
    "prefer-stable": false,
    "prefer-lowest": false,
    "platform": [],
    "platform-dev": []
}
